
Microsoft Visual Studio Solution File, Format Version 12.00
# Visual Studio Version 17
VisualStudioVersion = 17.14.36518.9 d17.14
MinimumVisualStudioVersion = 10.0.40219.1
Project("{FAE04EC0-301F-11D3-BF4B-00C04F79EFBC}") = "1.Model", "1.Model\1.Model.csproj", "{D5FE8AB8-B1F1-4BD2-AAC0-CD4B7314DBB9}"
EndProject
Project("{FAE04EC0-301F-11D3-BF4B-00C04F79EFBC}") = "3.Control", "3.Control\3.Control.csproj", "{50336D0A-721A-44F8-8281-810677B9FAF4}"
EndProject
Project("{FAE04EC0-301F-11D3-BF4B-00C04F79EFBC}") = "2.View", "2.View\2.View.csproj", "{1048E5A0-4F3E-4FBE-83CE-3CF8EB71DA48}"
EndProject
Global
	GlobalSection(SolutionConfigurationPlatforms) = preSolution
		Debug|Any CPU = Debug|Any CPU
		Release|Any CPU = Release|Any CPU
	EndGlobalSection
	GlobalSection(ProjectConfigurationPlatforms) = postSolution
		{D5FE8AB8-B1F1-4BD2-AAC0-CD4B7314DBB9}.Debug|Any CPU.ActiveCfg = Debug|Any CPU
		{D5FE8AB8-B1F1-4BD2-AAC0-CD4B7314DBB9}.Debug|Any CPU.Build.0 = Debug|Any CPU
		{D5FE8AB8-B1F1-4BD2-AAC0-CD4B7314DBB9}.Release|Any CPU.ActiveCfg = Release|Any CPU
		{D5FE8AB8-B1F1-4BD2-AAC0-CD4B7314DBB9}.Release|Any CPU.Build.0 = Release|Any CPU
		{50336D0A-721A-44F8-8281-810677B9FAF4}.Debug|Any CPU.ActiveCfg = Debug|Any CPU
		{50336D0A-721A-44F8-8281-810677B9FAF4}.Debug|Any CPU.Build.0 = Debug|Any CPU
		{50336D0A-721A-44F8-8281-810677B9FAF4}.Release|Any CPU.ActiveCfg = Release|Any CPU
		{50336D0A-721A-44F8-8281-810677B9FAF4}.Release|Any CPU.Build.0 = Release|Any CPU
		{1048E5A0-4F3E-4FBE-83CE-3CF8EB71DA48}.Debug|Any CPU.ActiveCfg = Debug|Any CPU
		{1048E5A0-4F3E-4FBE-83CE-3CF8EB71DA48}.Debug|Any CPU.Build.0 = Debug|Any CPU
		{1048E5A0-4F3E-4FBE-83CE-3CF8EB71DA48}.Release|Any CPU.ActiveCfg = Release|Any CPU
		{1048E5A0-4F3E-4FBE-83CE-3CF8EB71DA48}.Release|Any CPU.Build.0 = Release|Any CPU
	EndGlobalSection
	GlobalSection(SolutionProperties) = preSolution
		HideSolutionNode = FALSE
	EndGlobalSection
	GlobalSection(ExtensibilityGlobals) = postSolution
		SolutionGuid = {3D6282F5-D304-468F-BE47-2AAACD7E8553}
	EndGlobalSection
EndGlobal
